
Microsoft Visual Studio Solution File, Format Version 12.00
# Visual Studio 15
VisualStudioVersion = 15.0.28307.489
MinimumVisualStudioVersion = 10.0.40219.1
Project("{8BC9CEB8-8B4A-11D0-8D11-00A0C91BC942}") = "Rasterizer", "project\Rasterizer.vcxproj", "{449A59B2-D424-46E3-9ED1-8DC917F346E5}"
EndProject
Global
	GlobalSection(SolutionConfigurationPlatforms) = preSolution
		Debug|x64 = Debug|x64
		Release|x64 = Release|x64
	EndGlobalSection
	GlobalSection(ProjectConfigurationPlatforms) = postSolution
		{449A59B2-D424-46E3-9ED1-8DC917F346E5}.Debug|x64.ActiveCfg = Debug|x64
		{449A59B2-D424-46E3-9ED1-8DC917F346E5}.Debug|x64.Build.0 = Debug|x64
		{449A59B2-D424-46E3-9ED1-8DC917F346E5}.Release|x64.ActiveCfg = Release|x64
		{449A59B2-D424-46E3-9ED1-8DC917F346E5}.Release|x64.Build.0 = Release|x64
	EndGlobalSection
	GlobalSection(SolutionProperties) = preSolution
		HideSolutionNode = FALSE
	EndGlobalSection
	GlobalSection(ExtensibilityGlobals) = postSolution
		SolutionGuid = {8DD4FA66-E60F-40D9-9BEF-8206CBC39CC7}
	EndGlobalSection
EndGlobal
